{
  "name": "servermako-cli",
  "version": "1.0.0",
  "lockfileVersion": 1,
  "requires": true,
  "dependencies": {
    "log-to-file": {
      "version": "2.0.2",
      "resolved": "https://registry.npmjs.org/log-to-file/-/log-to-file-2.0.2.tgz",
      "integrity": "sha512-vEu5phQL1/RvgoPwcyiVO/GJnYiB3m5weri/I/8EUxt9yZcWHVzmpmV+cyO0EOxrWmcFZUkTcxLRWyRmYLouQA=="
    }
  }
}
